
Microsoft Visual Studio Solution File, Format Version 12.00
# Visual Studio Version 17
VisualStudioVersion = 17.1.32228.430
MinimumVisualStudioVersion = 10.0.40219.1
Project("{9A19103F-16F7-4668-BE54-9A1E7A4F7556}") = "CarDealerWebAPI", "CarDealerWebAPI\CarDealerWebAPI.csproj", "{52C657BD-F9FA-4F4E-A7EA-3F300DE592BB}"
EndProject
Project("{9A19103F-16F7-4668-BE54-9A1E7A4F7556}") = "Core.CarDealer", "Core.CarDealer\Core.CarDealer.csproj", "{D0929FB2-5151-4942-952A-135D10D62079}"
EndProject
Project("{9A19103F-16F7-4668-BE54-9A1E7A4F7556}") = "Infrastructure.CarDealer", "Infrastructure.CarDealer\Infrastructure.CarDealer.csproj", "{14C4790B-4D40-4EF3-8955-D86DE4ABBCA5}"
EndProject
Global
	GlobalSection(SolutionConfigurationPlatforms) = preSolution
		Debug|Any CPU = Debug|Any CPU
		Release|Any CPU = Release|Any CPU
	EndGlobalSection
	GlobalSection(ProjectConfigurationPlatforms) = postSolution
		{52C657BD-F9FA-4F4E-A7EA-3F300DE592BB}.Debug|Any CPU.ActiveCfg = Debug|Any CPU
		{52C657BD-F9FA-4F4E-A7EA-3F300DE592BB}.Debug|Any CPU.Build.0 = Debug|Any CPU
		{52C657BD-F9FA-4F4E-A7EA-3F300DE592BB}.Release|Any CPU.ActiveCfg = Release|Any CPU
		{52C657BD-F9FA-4F4E-A7EA-3F300DE592BB}.Release|Any CPU.Build.0 = Release|Any CPU
		{D0929FB2-5151-4942-952A-135D10D62079}.Debug|Any CPU.ActiveCfg = Debug|Any CPU
		{D0929FB2-5151-4942-952A-135D10D62079}.Debug|Any CPU.Build.0 = Debug|Any CPU
		{D0929FB2-5151-4942-952A-135D10D62079}.Release|Any CPU.ActiveCfg = Release|Any CPU
		{D0929FB2-5151-4942-952A-135D10D62079}.Release|Any CPU.Build.0 = Release|Any CPU
		{14C4790B-4D40-4EF3-8955-D86DE4ABBCA5}.Debug|Any CPU.ActiveCfg = Debug|Any CPU
		{14C4790B-4D40-4EF3-8955-D86DE4ABBCA5}.Debug|Any CPU.Build.0 = Debug|Any CPU
		{14C4790B-4D40-4EF3-8955-D86DE4ABBCA5}.Release|Any CPU.ActiveCfg = Release|Any CPU
		{14C4790B-4D40-4EF3-8955-D86DE4ABBCA5}.Release|Any CPU.Build.0 = Release|Any CPU
	EndGlobalSection
	GlobalSection(SolutionProperties) = preSolution
		HideSolutionNode = FALSE
	EndGlobalSection
	GlobalSection(ExtensibilityGlobals) = postSolution
		SolutionGuid = {0C5A01A0-FE92-49BC-AC9F-FC330DA596E9}
	EndGlobalSection
EndGlobal
